
Microsoft Visual Studio Solution File, Format Version 9.00
# Visual Studio 2005
Project("{FAE04EC0-301F-11D3-BF4B-00C04F79EFBC}") = "FluentExamples", "FluentExamples\FluentExamples.csproj", "{87466D7D-AE73-4B26-BCE4-BA1DF161350E}"
EndProject
Global
	GlobalSection(SolutionConfigurationPlatforms) = preSolution
		Debug|Any CPU = Debug|Any CPU
		Release|Any CPU = Release|Any CPU
	EndGlobalSection
	GlobalSection(ProjectConfigurationPlatforms) = postSolution
		{87466D7D-AE73-4B26-BCE4-BA1DF161350E}.Debug|Any CPU.ActiveCfg = Debug|Any CPU
		{87466D7D-AE73-4B26-BCE4-BA1DF161350E}.Debug|Any CPU.Build.0 = Debug|Any CPU
		{87466D7D-AE73-4B26-BCE4-BA1DF161350E}.Release|Any CPU.ActiveCfg = Release|Any CPU
		{87466D7D-AE73-4B26-BCE4-BA1DF161350E}.Release|Any CPU.Build.0 = Release|Any CPU
	EndGlobalSection
	GlobalSection(SolutionProperties) = preSolution
		HideSolutionNode = FALSE
	EndGlobalSection
EndGlobal
